// !$*UTF8*$!
{
	archiveVersion = 1;
	classes = {
	};
	objectVersion = 55;
	objects = {

/* Begin PBXBuildFile section */
		5802F094278F0C5100296D2A /* AppDelegate.swift in Sources */ = {isa = PBXBuildFile; fileRef = 5802F093278F0C5100296D2A /* AppDelegate.swift */; };
		5802F096278F0C5100296D2A /* SceneDelegate.swift in Sources */ = {isa = PBXBuildFile; fileRef = 5802F095278F0C5100296D2A /* SceneDelegate.swift */; };
		5802F098278F0C5100296D2A /* ViewController.swift in Sources */ = {isa = PBXBuildFile; fileRef = 5802F097278F0C5100296D2A /* ViewController.swift */; };
		5802F09B278F0C5100296D2A /* Main.storyboard in Resources */ = {isa = PBXBuildFile; fileRef = 5802F099278F0C5100296D2A /* Main.storyboard */; };
		5802F09E278F0C5100296D2A /* Noxtton_assignment.xcdatamodeld in Sources */ = {isa = PBXBuildFile; fileRef = 5802F09C278F0C5100296D2A /* Noxtton_assignment.xcdatamodeld */; };
		5802F0A0278F0C5200296D2A /* Assets.xcassets in Resources */ = {isa = PBXBuildFile; fileRef = 5802F09F278F0C5200296D2A /* Assets.xcassets */; };
		5802F0A3278F0C5200296D2A /* LaunchScreen.storyboard in Resources */ = {isa = PBXBuildFile; fileRef = 5802F0A1278F0C5200296D2A /* LaunchScreen.storyboard */; };
		5802F0AD278F336300296D2A /* QuickSand.ttf in Resources */ = {isa = PBXBuildFile; fileRef = 5802F0AC278F336300296D2A /* QuickSand.ttf */; };
		5802F0B0278F345000296D2A /* Extensions.swift in Sources */ = {isa = PBXBuildFile; fileRef = 5802F0AF278F345000296D2A /* Extensions.swift */; };
		581BEC7D27AFEB15006FE943 /* MainSheetViewController.swift in Sources */ = {isa = PBXBuildFile; fileRef = 581BEC7C27AFEB14006FE943 /* MainSheetViewController.swift */; };
		5852347227AB59180058DADA /* Shuffle in Frameworks */ = {isa = PBXBuildFile; productRef = 5852347127AB59180058DADA /* Shuffle */; };
		586FF997279C45180029BE7B /* TagsCollectionViewCell.swift in Sources */ = {isa = PBXBuildFile; fileRef = 586FF996279C45180029BE7B /* TagsCollectionViewCell.swift */; };
		586FF99A279C52510029BE7B /* Saved.storyboard in Resources */ = {isa = PBXBuildFile; fileRef = 586FF999279C52510029BE7B /* Saved.storyboard */; };
		586FF99C279C525E0029BE7B /* SavedViewController.swift in Sources */ = {isa = PBXBuildFile; fileRef = 586FF99B279C525E0029BE7B /* SavedViewController.swift */; };
		586FF9A4279D9DEC0029BE7B /* TabBarController.swift in Sources */ = {isa = PBXBuildFile; fileRef = 586FF9A3279D9DEC0029BE7B /* TabBarController.swift */; };
		586FF9A6279DB5590029BE7B /* MySubscribitionsCollectionViewCell.swift in Sources */ = {isa = PBXBuildFile; fileRef = 586FF9A5279DB5590029BE7B /* MySubscribitionsCollectionViewCell.swift */; };
		587866322792278300CB274E /* Register.storyboard in Resources */ = {isa = PBXBuildFile; fileRef = 587866312792278300CB274E /* Register.storyboard */; };
		587866342792278F00CB274E /* RegisterViewController.swift in Sources */ = {isa = PBXBuildFile; fileRef = 587866332792278F00CB274E /* RegisterViewController.swift */; };
		587866362794342C00CB274E /* vactinationCollectionViewController.swift in Sources */ = {isa = PBXBuildFile; fileRef = 587866352794342C00CB274E /* vactinationCollectionViewController.swift */; };
		587866382794357B00CB274E /* VaccinesCollectionViewCell.swift in Sources */ = {isa = PBXBuildFile; fileRef = 587866372794357B00CB274E /* VaccinesCollectionViewCell.swift */; };
		5878663C2795FE2100CB274E /* HomePageViewController.swift in Sources */ = {isa = PBXBuildFile; fileRef = 5878663B2795FE2100CB274E /* HomePageViewController.swift */; };
		5878663E2795FE2A00CB274E /* HomePage.storyboard in Resources */ = {isa = PBXBuildFile; fileRef = 5878663D2795FE2A00CB274E /* HomePage.storyboard */; };
		588DF68F27A082D500D052B8 /* Profile.storyboard in Resources */ = {isa = PBXBuildFile; fileRef = 588DF68E27A082D500D052B8 /* Profile.storyboard */; };
		588DF69127A082E900D052B8 /* ProfileViewController.swift in Sources */ = {isa = PBXBuildFile; fileRef = 588DF69027A082E900D052B8 /* ProfileViewController.swift */; };
		588DF69527A35BD900D052B8 /* SideMenu in Frameworks */ = {isa = PBXBuildFile; productRef = 588DF69427A35BD900D052B8 /* SideMenu */; };
		588DF69827A35D0B00D052B8 /* menu.storyboard in Resources */ = {isa = PBXBuildFile; fileRef = 588DF69727A35D0B00D052B8 /* menu.storyboard */; };
		588DF69A27A35D1900D052B8 /* MenuViewController.swift in Sources */ = {isa = PBXBuildFile; fileRef = 588DF69927A35D1900D052B8 /* MenuViewController.swift */; };
		588DF69E27A49E6900D052B8 /* SearchViewController.swift in Sources */ = {isa = PBXBuildFile; fileRef = 588DF69D27A49E6900D052B8 /* SearchViewController.swift */; };
		588DF6A027A49E7200D052B8 /* search.storyboard in Resources */ = {isa = PBXBuildFile; fileRef = 588DF69F27A49E7200D052B8 /* search.storyboard */; };
		588DF6A227A5E90D00D052B8 /* searchCollectionViewCell.swift in Sources */ = {isa = PBXBuildFile; fileRef = 588DF6A127A5E90D00D052B8 /* searchCollectionViewCell.swift */; };
		588DF6A427A60D1400D052B8 /* recommendedCollectionViewCell.swift in Sources */ = {isa = PBXBuildFile; fileRef = 588DF6A327A60D1400D052B8 /* recommendedCollectionViewCell.swift */; };
/* End PBXBuildFile section */

/* Begin PBXFileReference section */
		5802F090278F0C5100296D2A /* Noxtton assignment.app */ = {isa = PBXFileReference; explicitFileType = wrapper.application; includeInIndex = 0; path = "Noxtton assignment.app"; sourceTree = BUILT_PRODUCTS_DIR; };
		5802F093278F0C5100296D2A /* AppDelegate.swift */ = {isa = PBXFileReference; lastKnownFileType = sourcecode.swift; path = AppDelegate.swift; sourceTree = "<group>"; };
		5802F095278F0C5100296D2A /* SceneDelegate.swift */ = {isa = PBXFileReference; lastKnownFileType = sourcecode.swift; path = SceneDelegate.swift; sourceTree = "<group>"; };
		5802F097278F0C5100296D2A /* ViewController.swift */ = {isa = PBXFileReference; lastKnownFileType = sourcecode.swift; path = ViewController.swift; sourceTree = "<group>"; };
		5802F09A278F0C5100296D2A /* Base */ = {isa = PBXFileReference; lastKnownFileType = file.storyboard; name = Base; path = Base.lproj/Main.storyboard; sourceTree = "<group>"; };
		5802F09D278F0C5100296D2A /* Noxtton_assignment.xcdatamodel */ = {isa = PBXFileReference; lastKnownFileType = wrapper.xcdatamodel; path = Noxtton_assignment.xcdatamodel; sourceTree = "<group>"; };
		5802F09F278F0C5200296D2A /* Assets.xcassets */ = {isa = PBXFileReference; lastKnownFileType = folder.assetcatalog; path = Assets.xcassets; sourceTree = "<group>"; };
		5802F0A2278F0C5200296D2A /* Base */ = {isa = PBXFileReference; lastKnownFileType = file.storyboard; name = Base; path = Base.lproj/LaunchScreen.storyboard; sourceTree = "<group>"; };
		5802F0A4278F0C5200296D2A /* Info.plist */ = {isa = PBXFileReference; lastKnownFileType = text.plist.xml; path = Info.plist; sourceTree = "<group>"; };
		5802F0AC278F336300296D2A /* QuickSand.ttf */ = {isa = PBXFileReference; lastKnownFileType = file; path = QuickSand.ttf; sourceTree = "<group>"; };
		5802F0AF278F345000296D2A /* Extensions.swift */ = {isa = PBXFileReference; lastKnownFileType = sourcecode.swift; path = Extensions.swift; sourceTree = "<group>"; };
		581BEC7C27AFEB14006FE943 /* MainSheetViewController.swift */ = {isa = PBXFileReference; lastKnownFileType = sourcecode.swift; path = MainSheetViewController.swift; sourceTree = "<group>"; };
		586FF996279C45180029BE7B /* TagsCollectionViewCell.swift */ = {isa = PBXFileReference; lastKnownFileType = sourcecode.swift; path = TagsCollectionViewCell.swift; sourceTree = "<group>"; };
		586FF999279C52510029BE7B /* Saved.storyboard */ = {isa = PBXFileReference; lastKnownFileType = file.storyboard; path = Saved.storyboard; sourceTree = "<group>"; };
		586FF99B279C525E0029BE7B /* SavedViewController.swift */ = {isa = PBXFileReference; lastKnownFileType = sourcecode.swift; path = SavedViewController.swift; sourceTree = "<group>"; };
		586FF9A3279D9DEC0029BE7B /* TabBarController.swift */ = {isa = PBXFileReference; lastKnownFileType = sourcecode.swift; path = TabBarController.swift; sourceTree = "<group>"; };
		586FF9A5279DB5590029BE7B /* MySubscribitionsCollectionViewCell.swift */ = {isa = PBXFileReference; lastKnownFileType = sourcecode.swift; path = MySubscribitionsCollectionViewCell.swift; sourceTree = "<group>"; };
		587866312792278300CB274E /* Register.storyboard */ = {isa = PBXFileReference; lastKnownFileType = file.storyboard; path = Register.storyboard; sourceTree = "<group>"; };
		587866332792278F00CB274E /* RegisterViewController.swift */ = {isa = PBXFileReference; lastKnownFileType = sourcecode.swift; path = RegisterViewController.swift; sourceTree = "<group>"; };
		587866352794342C00CB274E /* vactinationCollectionViewController.swift */ = {isa = PBXFileReference; lastKnownFileType = sourcecode.swift; path = vactinationCollectionViewController.swift; sourceTree = "<group>"; };
		587866372794357B00CB274E /* VaccinesCollectionViewCell.swift */ = {isa = PBXFileReference; lastKnownFileType = sourcecode.swift; path = VaccinesCollectionViewCell.swift; sourceTree = "<group>"; };
		5878663B2795FE2100CB274E /* HomePageViewController.swift */ = {isa = PBXFileReference; lastKnownFileType = sourcecode.swift; path = HomePageViewController.swift; sourceTree = "<group>"; };
		5878663D2795FE2A00CB274E /* HomePage.storyboard */ = {isa = PBXFileReference; lastKnownFileType = file.storyboard; path = HomePage.storyboard; sourceTree = "<group>"; };
		588DF68E27A082D500D052B8 /* Profile.storyboard */ = {isa = PBXFileReference; lastKnownFileType = file.storyboard; path = Profile.storyboard; sourceTree = "<group>"; };
		588DF69027A082E900D052B8 /* ProfileViewController.swift */ = {isa = PBXFileReference; lastKnownFileType = sourcecode.swift; path = ProfileViewController.swift; sourceTree = "<group>"; };
		588DF69727A35D0B00D052B8 /* menu.storyboard */ = {isa = PBXFileReference; lastKnownFileType = file.storyboard; path = menu.storyboard; sourceTree = "<group>"; };
		588DF69927A35D1900D052B8 /* MenuViewController.swift */ = {isa = PBXFileReference; lastKnownFileType = sourcecode.swift; path = MenuViewController.swift; sourceTree = "<group>"; };
		588DF69D27A49E6900D052B8 /* SearchViewController.swift */ = {isa = PBXFileReference; lastKnownFileType = sourcecode.swift; path = SearchViewController.swift; sourceTree = "<group>"; };
		588DF69F27A49E7200D052B8 /* search.storyboard */ = {isa = PBXFileReference; lastKnownFileType = file.storyboard; path = search.storyboard; sourceTree = "<group>"; };
		588DF6A127A5E90D00D052B8 /* searchCollectionViewCell.swift */ = {isa = PBXFileReference; lastKnownFileType = sourcecode.swift; path = searchCollectionViewCell.swift; sourceTree = "<group>"; };
		588DF6A327A60D1400D052B8 /* recommendedCollectionViewCell.swift */ = {isa = PBXFileReference; lastKnownFileType = sourcecode.swift; path = recommendedCollectionViewCell.swift; sourceTree = "<group>"; };
/* End PBXFileReference section */

/* Begin PBXFrameworksBuildPhase section */
		5802F08D278F0C5100296D2A /* Frameworks */ = {
			isa = PBXFrameworksBuildPhase;
			buildActionMask = 2147483647;
			files = (
				5852347227AB59180058DADA /* Shuffle in Frameworks */,
				588DF69527A35BD900D052B8 /* SideMenu in Frameworks */,
			);
			runOnlyForDeploymentPostprocessing = 0;
		};
/* End PBXFrameworksBuildPhase section */

/* Begin PBXGroup section */
		5802F087278F0C5100296D2A = {
			isa = PBXGroup;
			children = (
				5802F092278F0C5100296D2A /* Noxtton assignment */,
				5802F091278F0C5100296D2A /* Products */,
			);
			sourceTree = "<group>";
		};
		5802F091278F0C5100296D2A /* Products */ = {
			isa = PBXGroup;
			children = (
				5802F090278F0C5100296D2A /* Noxtton assignment.app */,
			);
			name = Products;
			sourceTree = "<group>";
		};
		5802F092278F0C5100296D2A /* Noxtton assignment */ = {
			isa = PBXGroup;
			children = (
				588DF69C27A49CED00D052B8 /* Search */,
				588DF68C27A0829600D052B8 /* Tab Bar */,
				588DF68D27A082A300D052B8 /* Profile */,
				586FF998279C522C0029BE7B /* Saved page */,
				5878663A2795FE0300CB274E /* Home page */,
				5802F0AB278F299500296D2A /* Main Files */,
				5802F0AA278F296900296D2A /* Login Register Page */,
				5802F0B1278F345400296D2A /* Extensions */,
				5802F09F278F0C5200296D2A /* Assets.xcassets */,
				5802F0A4278F0C5200296D2A /* Info.plist */,
				5802F0A1278F0C5200296D2A /* LaunchScreen.storyboard */,
				5802F09C278F0C5100296D2A /* Noxtton_assignment.xcdatamodeld */,
				5802F0AE278F337200296D2A /* Fonts */,
			);
			path = "Noxtton assignment";
			sourceTree = "<group>";
		};
		5802F0AA278F296900296D2A /* Login Register Page */ = {
			isa = PBXGroup;
			children = (
				5878663927946AA700CB274E /* Register */,
				5802F0B22790539D00296D2A /* Login */,
			);
			path = "Login Register Page";
			sourceTree = "<group>";
		};
		5802F0AB278F299500296D2A /* Main Files */ = {
			isa = PBXGroup;
			children = (
				5802F093278F0C5100296D2A /* AppDelegate.swift */,
				5802F095278F0C5100296D2A /* SceneDelegate.swift */,
			);
			path = "Main Files";
			sourceTree = "<group>";
		};
		5802F0AE278F337200296D2A /* Fonts */ = {
			isa = PBXGroup;
			children = (
				5802F0AC278F336300296D2A /* QuickSand.ttf */,
			);
			path = Fonts;
			sourceTree = "<group>";
		};
		5802F0B1278F345400296D2A /* Extensions */ = {
			isa = PBXGroup;
			children = (
				5802F0AF278F345000296D2A /* Extensions.swift */,
			);
			path = Extensions;
			sourceTree = "<group>";
		};
		5802F0B22790539D00296D2A /* Login */ = {
			isa = PBXGroup;
			children = (
				5802F097278F0C5100296D2A /* ViewController.swift */,
				5802F099278F0C5100296D2A /* Main.storyboard */,
			);
			path = Login;
			sourceTree = "<group>";
		};
		586FF998279C522C0029BE7B /* Saved page */ = {
			isa = PBXGroup;
			children = (
				586FF999279C52510029BE7B /* Saved.storyboard */,
				586FF9A5279DB5590029BE7B /* MySubscribitionsCollectionViewCell.swift */,
				586FF99B279C525E0029BE7B /* SavedViewController.swift */,
			);
			path = "Saved page";
			sourceTree = "<group>";
		};
		5878663927946AA700CB274E /* Register */ = {
			isa = PBXGroup;
			children = (
				587866312792278300CB274E /* Register.storyboard */,
				587866372794357B00CB274E /* VaccinesCollectionViewCell.swift */,
				587866332792278F00CB274E /* RegisterViewController.swift */,
				587866352794342C00CB274E /* vactinationCollectionViewController.swift */,
			);
			path = Register;
			sourceTree = "<group>";
		};
		5878663A2795FE0300CB274E /* Home page */ = {
			isa = PBXGroup;
			children = (
				588DF69227A0834200D052B8 /* Page */,
			);
			path = "Home page";
			sourceTree = "<group>";
		};
		588DF68C27A0829600D052B8 /* Tab Bar */ = {
			isa = PBXGroup;
			children = (
				586FF9A3279D9DEC0029BE7B /* TabBarController.swift */,
			);
			path = "Tab Bar";
			sourceTree = "<group>";
		};
		588DF68D27A082A300D052B8 /* Profile */ = {
			isa = PBXGroup;
			children = (
				588DF69627A35CDF00D052B8 /* menu */,
				588DF69B27A35D2000D052B8 /* profile */,
			);
			path = Profile;
			sourceTree = "<group>";
		};
		588DF69227A0834200D052B8 /* Page */ = {
			isa = PBXGroup;
			children = (
				5878663B2795FE2100CB274E /* HomePageViewController.swift */,
				5878663D2795FE2A00CB274E /* HomePage.storyboard */,
				586FF996279C45180029BE7B /* TagsCollectionViewCell.swift */,
			);
			path = Page;
			sourceTree = "<group>";
		};
		588DF69627A35CDF00D052B8 /* menu */ = {
			isa = PBXGroup;
			children = (
				588DF69727A35D0B00D052B8 /* menu.storyboard */,
				588DF69927A35D1900D052B8 /* MenuViewController.swift */,
			);
			path = menu;
			sourceTree = "<group>";
		};
		588DF69B27A35D2000D052B8 /* profile */ = {
			isa = PBXGroup;
			children = (
				588DF68E27A082D500D052B8 /* Profile.storyboard */,
				588DF69027A082E900D052B8 /* ProfileViewController.swift */,
			);
			path = profile;
			sourceTree = "<group>";
		};
		588DF69C27A49CED00D052B8 /* Search */ = {
			isa = PBXGroup;
			children = (
				588DF69D27A49E6900D052B8 /* SearchViewController.swift */,
				588DF69F27A49E7200D052B8 /* search.storyboard */,
				581BEC7C27AFEB14006FE943 /* MainSheetViewController.swift */,
				588DF6A127A5E90D00D052B8 /* searchCollectionViewCell.swift */,
				588DF6A327A60D1400D052B8 /* recommendedCollectionViewCell.swift */,
			);
			path = Search;
			sourceTree = "<group>";
		};
/* End PBXGroup section */

/* Begin PBXNativeTarget section */
		5802F08F278F0C5100296D2A /* Noxtton assignment */ = {
			isa = PBXNativeTarget;
			buildConfigurationList = 5802F0A7278F0C5200296D2A /* Build configuration list for PBXNativeTarget "Noxtton assignment" */;
			buildPhases = (
				5802F08C278F0C5100296D2A /* Sources */,
				5802F08D278F0C5100296D2A /* Frameworks */,
				5802F08E278F0C5100296D2A /* Resources */,
			);
			buildRules = (
			);
			dependencies = (
			);
			name = "Noxtton assignment";
			packageProductDependencies = (
				588DF69427A35BD900D052B8 /* SideMenu */,
				5852347127AB59180058DADA /* Shuffle */,
			);
			productName = "Noxtton assignment";
			productReference = 5802F090278F0C5100296D2A /* Noxtton assignment.app */;
			productType = "com.apple.product-type.application";
		};
/* End PBXNativeTarget section */

/* Begin PBXProject section */
		5802F088278F0C5100296D2A /* Project object */ = {
			isa = PBXProject;
			attributes = {
				BuildIndependentTargetsInParallel = 1;
				LastSwiftUpdateCheck = 1300;
				LastUpgradeCheck = 1300;
				TargetAttributes = {
					5802F08F278F0C5100296D2A = {
						CreatedOnToolsVersion = 13.0;
					};
				};
			};
			buildConfigurationList = 5802F08B278F0C5100296D2A /* Build configuration list for PBXProject "Noxtton assignment" */;
			compatibilityVersion = "Xcode 13.0";
			developmentRegion = en;
			hasScannedForEncodings = 0;
			knownRegions = (
				en,
				Base,
			);
			mainGroup = 5802F087278F0C5100296D2A;
			packageReferences = (
				588DF69327A35BD900D052B8 /* XCRemoteSwiftPackageReference "SideMenu" */,
				5852347027AB59180058DADA /* XCRemoteSwiftPackageReference "Shuffle" */,
			);
			productRefGroup = 5802F091278F0C5100296D2A /* Products */;
			projectDirPath = "";
			projectRoot = "";
			targets = (
				5802F08F278F0C5100296D2A /* Noxtton assignment */,
			);
		};
/* End PBXProject section */

/* Begin PBXResourcesBuildPhase section */
		5802F08E278F0C5100296D2A /* Resources */ = {
			isa = PBXResourcesBuildPhase;
			buildActionMask = 2147483647;
			files = (
				5802F0A3278F0C5200296D2A /* LaunchScreen.storyboard in Resources */,
				5802F0AD278F336300296D2A /* QuickSand.ttf in Resources */,
				588DF68F27A082D500D052B8 /* Profile.storyboard in Resources */,
				5878663E2795FE2A00CB274E /* HomePage.storyboard in Resources */,
				588DF6A027A49E7200D052B8 /* search.storyboard in Resources */,
				586FF99A279C52510029BE7B /* Saved.storyboard in Resources */,
				5802F0A0278F0C5200296D2A /* Assets.xcassets in Resources */,
				588DF69827A35D0B00D052B8 /* menu.storyboard in Resources */,
				5802F09B278F0C5100296D2A /* Main.storyboard in Resources */,
				587866322792278300CB274E /* Register.storyboard in Resources */,
			);
			runOnlyForDeploymentPostprocessing = 0;
		};
/* End PBXResourcesBuildPhase section */

/* Begin PBXSourcesBuildPhase section */
		5802F08C278F0C5100296D2A /* Sources */ = {
			isa = PBXSourcesBuildPhase;
			buildActionMask = 2147483647;
			files = (
				5802F0B0278F345000296D2A /* Extensions.swift in Sources */,
				588DF69A27A35D1900D052B8 /* MenuViewController.swift in Sources */,
				586FF997279C45180029BE7B /* TagsCollectionViewCell.swift in Sources */,
				5802F098278F0C5100296D2A /* ViewController.swift in Sources */,
				5878663C2795FE2100CB274E /* HomePageViewController.swift in Sources */,
				588DF69127A082E900D052B8 /* ProfileViewController.swift in Sources */,
				581BEC7D27AFEB15006FE943 /* MainSheetViewController.swift in Sources */,
				588DF6A227A5E90D00D052B8 /* searchCollectionViewCell.swift in Sources */,
				5802F09E278F0C5100296D2A /* Noxtton_assignment.xcdatamodeld in Sources */,
				587866342792278F00CB274E /* RegisterViewController.swift in Sources */,
				587866382794357B00CB274E /* VaccinesCollectionViewCell.swift in Sources */,
				588DF6A427A60D1400D052B8 /* recommendedCollectionViewCell.swift in Sources */,
				5802F094278F0C5100296D2A /* AppDelegate.swift in Sources */,
				588DF69E27A49E6900D052B8 /* SearchViewController.swift in Sources */,
				586FF99C279C525E0029BE7B /* SavedViewController.swift in Sources */,
				586FF9A4279D9DEC0029BE7B /* TabBarController.swift in Sources */,
				586FF9A6279DB5590029BE7B /* MySubscribitionsCollectionViewCell.swift in Sources */,
				587866362794342C00CB274E /* vactinationCollectionViewController.swift in Sources */,
				5802F096278F0C5100296D2A /* SceneDelegate.swift in Sources */,
			);
			runOnlyForDeploymentPostprocessing = 0;
		};
/* End PBXSourcesBuildPhase section */

/* Begin PBXVariantGroup section */
		5802F099278F0C5100296D2A /* Main.storyboard */ = {
			isa = PBXVariantGroup;
			children = (
				5802F09A278F0C5100296D2A /* Base */,
			);
			name = Main.storyboard;
			sourceTree = "<group>";
		};
		5802F0A1278F0C5200296D2A /* LaunchScreen.storyboard */ = {
			isa = PBXVariantGroup;
			children = (
				5802F0A2278F0C5200296D2A /* Base */,
			);
			name = LaunchScreen.storyboard;
			sourceTree = "<group>";
		};
/* End PBXVariantGroup section */

/* Begin XCBuildConfiguration section */
		5802F0A5278F0C5200296D2A /* Debug */ = {
			isa = XCBuildConfiguration;
			buildSettings = {
				ALWAYS_SEARCH_USER_PATHS = NO;
				CLANG_ANALYZER_NONNULL = YES;
				CLANG_ANALYZER_NUMBER_OBJECT_CONVERSION = YES_AGGRESSIVE;
				CLANG_CXX_LANGUAGE_STANDARD = "gnu++14";
				CLANG_CXX_LIBRARY = "libc++";
				CLANG_ENABLE_MODULES = YES;
				CLANG_ENABLE_OBJC_ARC = YES;
				CLANG_ENABLE_OBJC_WEAK = YES;
				CLANG_WARN_BLOCK_CAPTURE_AUTORELEASING = YES;
				CLANG_WARN_BOOL_CONVERSION = YES;
				CLANG_WARN_COMMA = YES;
				CLANG_WARN_CONSTANT_CONVERSION = YES;
				CLANG_WARN_DEPRECATED_OBJC_IMPLEMENTATIONS = YES;
				CLANG_WARN_DIRECT_OBJC_ISA_USAGE = YES_ERROR;
				CLANG_WARN_DOCUMENTATION_COMMENTS = YES;
				CLANG_WARN_EMPTY_BODY = YES;
				CLANG_WARN_ENUM_CONVERSION = YES;
				CLANG_WARN_INFINITE_RECURSION = YES;
				CLANG_WARN_INT_CONVERSION = YES;
				CLANG_WARN_NON_LITERAL_NULL_CONVERSION = YES;
				CLANG_WARN_OBJC_IMPLICIT_RETAIN_SELF = YES;
				CLANG_WARN_OBJC_LITERAL_CONVERSION = YES;
				CLANG_WARN_OBJC_ROOT_CLASS = YES_ERROR;
				CLANG_WARN_QUOTED_INCLUDE_IN_FRAMEWORK_HEADER = YES;
				CLANG_WARN_RANGE_LOOP_ANALYSIS = YES;
				CLANG_WARN_STRICT_PROTOTYPES = YES;
				CLANG_WARN_SUSPICIOUS_MOVE = YES;
				CLANG_WARN_UNGUARDED_AVAILABILITY = YES_AGGRESSIVE;
				CLANG_WARN_UNREACHABLE_CODE = YES;
				CLANG_WARN__DUPLICATE_METHOD_MATCH = YES;
				COPY_PHASE_STRIP = NO;
				DEBUG_INFORMATION_FORMAT = dwarf;
				ENABLE_STRICT_OBJC_MSGSEND = YES;
				ENABLE_TESTABILITY = YES;
				GCC_C_LANGUAGE_STANDARD = gnu11;
				GCC_DYNAMIC_NO_PIC = NO;
				GCC_NO_COMMON_BLOCKS = YES;
				GCC_OPTIMIZATION_LEVEL = 0;
				GCC_PREPROCESSOR_DEFINITIONS = (
					"DEBUG=1",
					"$(inherited)",
				);
				GCC_WARN_64_TO_32_BIT_CONVERSION = YES;
				GCC_WARN_ABOUT_RETURN_TYPE = YES_ERROR;
				GCC_WARN_UNDECLARED_SELECTOR = YES;
				GCC_WARN_UNINITIALIZED_AUTOS = YES_AGGRESSIVE;
				GCC_WARN_UNUSED_FUNCTION = YES;
				GCC_WARN_UNUSED_VARIABLE = YES;
				IPHONEOS_DEPLOYMENT_TARGET = 15.0;
				MTL_ENABLE_DEBUG_INFO = INCLUDE_SOURCE;
				MTL_FAST_MATH = YES;
				ONLY_ACTIVE_ARCH = YES;
				SDKROOT = iphoneos;
				SWIFT_ACTIVE_COMPILATION_CONDITIONS = DEBUG;
				SWIFT_OPTIMIZATION_LEVEL = "-Onone";
			};
			name = Debug;
		};
		5802F0A6278F0C5200296D2A /* Release */ = {
			isa = XCBuildConfiguration;
			buildSettings = {
				ALWAYS_SEARCH_USER_PATHS = NO;
				CLANG_ANALYZER_NONNULL = YES;
				CLANG_ANALYZER_NUMBER_OBJECT_CONVERSION = YES_AGGRESSIVE;
				CLANG_CXX_LANGUAGE_STANDARD = "gnu++14";
				CLANG_CXX_LIBRARY = "libc++";
				CLANG_ENABLE_MODULES = YES;
				CLANG_ENABLE_OBJC_ARC = YES;
				CLANG_ENABLE_OBJC_WEAK = YES;
				CLANG_WARN_BLOCK_CAPTURE_AUTORELEASING = YES;
				CLANG_WARN_BOOL_CONVERSION = YES;
				CLANG_WARN_COMMA = YES;
				CLANG_WARN_CONSTANT_CONVERSION = YES;
				CLANG_WARN_DEPRECATED_OBJC_IMPLEMENTATIONS = YES;
				CLANG_WARN_DIRECT_OBJC_ISA_USAGE = YES_ERROR;
				CLANG_WARN_DOCUMENTATION_COMMENTS = YES;
				CLANG_WARN_EMPTY_BODY = YES;
				CLANG_WARN_ENUM_CONVERSION = YES;
				CLANG_WARN_INFINITE_RECURSION = YES;
				CLANG_WARN_INT_CONVERSION = YES;
				CLANG_WARN_NON_LITERAL_NULL_CONVERSION = YES;
				CLANG_WARN_OBJC_IMPLICIT_RETAIN_SELF = YES;
				CLANG_WARN_OBJC_LITERAL_CONVERSION = YES;
				CLANG_WARN_OBJC_ROOT_CLASS = YES_ERROR;
				CLANG_WARN_QUOTED_INCLUDE_IN_FRAMEWORK_HEADER = YES;
				CLANG_WARN_RANGE_LOOP_ANALYSIS = YES;
				CLANG_WARN_STRICT_PROTOTYPES = YES;
				CLANG_WARN_SUSPICIOUS_MOVE = YES;
				CLANG_WARN_UNGUARDED_AVAILABILITY = YES_AGGRESSIVE;
				CLANG_WARN_UNREACHABLE_CODE = YES;
				CLANG_WARN__DUPLICATE_METHOD_MATCH = YES;
				COPY_PHASE_STRIP = NO;
				DEBUG_INFORMATION_FORMAT = "dwarf-with-dsym";
				ENABLE_NS_ASSERTIONS = NO;
				ENABLE_STRICT_OBJC_MSGSEND = YES;
				GCC_C_LANGUAGE_STANDARD = gnu11;
				GCC_NO_COMMON_BLOCKS = YES;
				GCC_WARN_64_TO_32_BIT_CONVERSION = YES;
				GCC_WARN_ABOUT_RETURN_TYPE = YES_ERROR;
				GCC_WARN_UNDECLARED_SELECTOR = YES;
				GCC_WARN_UNINITIALIZED_AUTOS = YES_AGGRESSIVE;
				GCC_WARN_UNUSED_FUNCTION = YES;
				GCC_WARN_UNUSED_VARIABLE = YES;
				IPHONEOS_DEPLOYMENT_TARGET = 15.0;
				MTL_ENABLE_DEBUG_INFO = NO;
				MTL_FAST_MATH = YES;
				SDKROOT = iphoneos;
				SWIFT_COMPILATION_MODE = wholemodule;
				SWIFT_OPTIMIZATION_LEVEL = "-O";
				VALIDATE_PRODUCT = YES;
			};
			name = Release;
		};
		5802F0A8278F0C5200296D2A /* Debug */ = {
			isa = XCBuildConfiguration;
			buildSettings = {
				ASSETCATALOG_COMPILER_APPICON_NAME = AppIcon;
				ASSETCATALOG_COMPILER_GLOBAL_ACCENT_COLOR_NAME = AccentColor;
				CODE_SIGN_STYLE = Automatic;
				CURRENT_PROJECT_VERSION = 1;
				DEVELOPMENT_TEAM = A7X427YJGK;
				GENERATE_INFOPLIST_FILE = YES;
				INFOPLIST_FILE = "Noxtton assignment/Info.plist";
				INFOPLIST_KEY_CFBundleExecutable = "Noxtton assignment";
				INFOPLIST_KEY_CFBundleName = "Noxtton assignment";
				INFOPLIST_KEY_CFBundleVersion = 1;
				INFOPLIST_KEY_UIApplicationSupportsIndirectInputEvents = YES;
				INFOPLIST_KEY_UILaunchStoryboardName = LaunchScreen;
				INFOPLIST_KEY_UIMainStoryboardFile = Main;
				INFOPLIST_KEY_UISupportedInterfaceOrientations = UIInterfaceOrientationPortrait;
				INFOPLIST_KEY_UISupportedInterfaceOrientations_iPad = "UIInterfaceOrientationPortrait UIInterfaceOrientationPortraitUpsideDown UIInterfaceOrientationLandscapeLeft UIInterfaceOrientationLandscapeRight";
				INFOPLIST_KEY_UISupportedInterfaceOrientations_iPhone = "UIInterfaceOrientationPortrait UIInterfaceOrientationLandscapeLeft UIInterfaceOrientationLandscapeRight";
				LD_RUNPATH_SEARCH_PATHS = (
					"$(inherited)",
					"@executable_path/Frameworks",
				);
				MARKETING_VERSION = 1.0;
				PRODUCT_BUNDLE_IDENTIFIER = "-.Noxtton-assignment";
				PRODUCT_NAME = "$(TARGET_NAME)";
				SWIFT_EMIT_LOC_STRINGS = YES;
				SWIFT_VERSION = 5.0;
				TARGETED_DEVICE_FAMILY = "1,2";
			};
			name = Debug;
		};
		5802F0A9278F0C5200296D2A /* Release */ = {
			isa = XCBuildConfiguration;
			buildSettings = {
				ASSETCATALOG_COMPILER_APPICON_NAME = AppIcon;
				ASSETCATALOG_COMPILER_GLOBAL_ACCENT_COLOR_NAME = AccentColor;
				CODE_SIGN_STYLE = Automatic;
				CURRENT_PROJECT_VERSION = 1;
				DEVELOPMENT_TEAM = A7X427YJGK;
				GENERATE_INFOPLIST_FILE = YES;
				INFOPLIST_FILE = "Noxtton assignment/Info.plist";
				INFOPLIST_KEY_CFBundleExecutable = "Noxtton assignment";
				INFOPLIST_KEY_CFBundleName = "Noxtton assignment";
				INFOPLIST_KEY_CFBundleVersion = 1;
				INFOPLIST_KEY_UIApplicationSupportsIndirectInputEvents = YES;
				INFOPLIST_KEY_UILaunchStoryboardName = LaunchScreen;
				INFOPLIST_KEY_UIMainStoryboardFile = Main;
				INFOPLIST_KEY_UISupportedInterfaceOrientations = UIInterfaceOrientationPortrait;
				INFOPLIST_KEY_UISupportedInterfaceOrientations_iPad = "UIInterfaceOrientationPortrait UIInterfaceOrientationPortraitUpsideDown UIInterfaceOrientationLandscapeLeft UIInterfaceOrientationLandscapeRight";
				INFOPLIST_KEY_UISupportedInterfaceOrientations_iPhone = "UIInterfaceOrientationPortrait UIInterfaceOrientationLandscapeLeft UIInterfaceOrientationLandscapeRight";
				LD_RUNPATH_SEARCH_PATHS = (
					"$(inherited)",
					"@executable_path/Frameworks",
				);
				MARKETING_VERSION = 1.0;
				PRODUCT_BUNDLE_IDENTIFIER = "-.Noxtton-assignment";
				PRODUCT_NAME = "$(TARGET_NAME)";
				SWIFT_EMIT_LOC_STRINGS = YES;
				SWIFT_VERSION = 5.0;
				TARGETED_DEVICE_FAMILY = "1,2";
			};
			name = Release;
		};
/* End XCBuildConfiguration section */

/* Begin XCConfigurationList section */
		5802F08B278F0C5100296D2A /* Build configuration list for PBXProject "Noxtton assignment" */ = {
			isa = XCConfigurationList;
			buildConfigurations = (
				5802F0A5278F0C5200296D2A /* Debug */,
				5802F0A6278F0C5200296D2A /* Release */,
			);
			defaultConfigurationIsVisible = 0;
			defaultConfigurationName = Release;
		};
		5802F0A7278F0C5200296D2A /* Build configuration list for PBXNativeTarget "Noxtton assignment" */ = {
			isa = XCConfigurationList;
			buildConfigurations = (
				5802F0A8278F0C5200296D2A /* Debug */,
				5802F0A9278F0C5200296D2A /* Release */,
			);
			defaultConfigurationIsVisible = 0;
			defaultConfigurationName = Release;
		};
/* End XCConfigurationList section */

/* Begin XCRemoteSwiftPackageReference section */
		5852347027AB59180058DADA /* XCRemoteSwiftPackageReference "Shuffle" */ = {
			isa = XCRemoteSwiftPackageReference;
			repositoryURL = "https://github.com/mac-gallagher/Shuffle";
			requirement = {
				kind = upToNextMajorVersion;
				minimumVersion = 0.5.0;
			};
		};
		588DF69327A35BD900D052B8 /* XCRemoteSwiftPackageReference "SideMenu" */ = {
			isa = XCRemoteSwiftPackageReference;
			repositoryURL = "https://github.com/jonkykong/SideMenu.git";
			requirement = {
				kind = upToNextMajorVersion;
				minimumVersion = 6.0.0;
			};
		};
/* End XCRemoteSwiftPackageReference section */

/* Begin XCSwiftPackageProductDependency section */
		5852347127AB59180058DADA /* Shuffle */ = {
			isa = XCSwiftPackageProductDependency;
			package = 5852347027AB59180058DADA /* XCRemoteSwiftPackageReference "Shuffle" */;
			productName = Shuffle;
		};
		588DF69427A35BD900D052B8 /* SideMenu */ = {
			isa = XCSwiftPackageProductDependency;
			package = 588DF69327A35BD900D052B8 /* XCRemoteSwiftPackageReference "SideMenu" */;
			productName = SideMenu;
		};
/* End XCSwiftPackageProductDependency section */

/* Begin XCVersionGroup section */
		5802F09C278F0C5100296D2A /* Noxtton_assignment.xcdatamodeld */ = {
			isa = XCVersionGroup;
			children = (
				5802F09D278F0C5100296D2A /* Noxtton_assignment.xcdatamodel */,
			);
			currentVersion = 5802F09D278F0C5100296D2A /* Noxtton_assignment.xcdatamodel */;
			path = Noxtton_assignment.xcdatamodeld;
			sourceTree = "<group>";
			versionGroupType = wrapper.xcdatamodel;
		};
/* End XCVersionGroup section */
	};
	rootObject = 5802F088278F0C5100296D2A /* Project object */;
}
